# This file is automatically @generated by Cargo.
# It is not intended for manual editing.
version = 4

[[package]]
name = "client-core"
version = "0.1.0"

[[package]]
name = "client-protocol-macro"
version = "0.1.0"

[[package]]
name = "wayland-client"
version = "0.1.0"
dependencies = [
 "client-core",
 "client-protocol-macro",
 "wayland-scanner",
]

[[package]]
name = "wayland-scanner"
version = "0.1.0"

[[package]]
name = "wayland-server"
version = "0.1.0"
